hash: 35c1ac790bd175ea5a3fe8b42e1e5eb86acad0523cd819f45d8c59c4d8e1ad64
updated: 2017-05-21T21:18:54.662220357+03:00
imports:
- name: github.com/alecthomas/template
  version: a0175ee3bccc567396460bf5acd36800cb10c49c
  subpackages:
  - parse
- name: github.com/alecthomas/units
  version: 2efee857e7cfd4f3d0138cc3cbb1b4966962b93a
- name: github.com/Axblade/playwright
  version: 065ee5a8cf06702e5ff398c69f4ec45480fb07db
  subpackages:
  - commands
  - log
  - utils
- name: github.com/fatih/color
  version: 9131ab34cf20d2f6d83fdc67168a5430d1c7dc23
- name: github.com/mattn/go-colorable
  version: 5411d3eea5978e6cdc258b30de592b60df6aba96
  repo: https://github.com/mattn/go-colorable
- name: github.com/mattn/go-isatty
  version: 57fdcb988a5c543893cc61bce354a6e24ab70022
  repo: https://github.com/mattn/go-isatty
- name: golang.org/x/sys
  version: e24f485414aeafb646f6fca458b0bf869c0880a1
  repo: https://go.googlesource.com/sys
  subpackages:
  - unix
- name: gopkg.in/alecthomas/kingpin.v2
  version: 7f0871f2e17818990e4eed73f9b5c2f429501228
testImports: []
